
Microsoft Visual Studio Solution File, Format Version 12.00
# Visual Studio Version 16
VisualStudioVersion = 16.0.29519.87
MinimumVisualStudioVersion = 10.0.40219.1
Project("{9A19103F-16F7-4668-BE54-9A1E7A4F7556}") = "Automate", "Automate\Automate.csproj", "{A1A29CCD-7CD4-4BA0-999A-74C76E049926}"
EndProject
Project("{9A19103F-16F7-4668-BE54-9A1E7A4F7556}") = "Automate.Demo", "Automate.Demo\Automate.Demo.csproj", "{B99E980C-0D2D-4BF7-A6AA-DF7BE9CC00D8}"
EndProject
Project("{2150E333-8FDC-42A3-9474-1A3956D46DE8}") = "Solution Items", "Solution Items", "{E7F0826C-07DB-43A2-A63C-8D24D977D01F}"
	ProjectSection(SolutionItems) = preProject
		.editorconfig = .editorconfig
	EndProjectSection
EndProject
Project("{FAE04EC0-301F-11D3-BF4B-00C04F79EFBC}") = "Automate.Windows", "Automate.Windows\Automate.Windows.csproj", "{62B7606F-25A0-4389-AFDE-1E08F1D84938}"
EndProject
Global
	GlobalSection(SolutionConfigurationPlatforms) = preSolution
		Debug|Any CPU = Debug|Any CPU
		Release|Any CPU = Release|Any CPU
	EndGlobalSection
	GlobalSection(ProjectConfigurationPlatforms) = postSolution
		{A1A29CCD-7CD4-4BA0-999A-74C76E049926}.Debug|Any CPU.ActiveCfg = Debug|Any CPU
		{A1A29CCD-7CD4-4BA0-999A-74C76E049926}.Debug|Any CPU.Build.0 = Debug|Any CPU
		{A1A29CCD-7CD4-4BA0-999A-74C76E049926}.Release|Any CPU.ActiveCfg = Release|Any CPU
		{A1A29CCD-7CD4-4BA0-999A-74C76E049926}.Release|Any CPU.Build.0 = Release|Any CPU
		{B99E980C-0D2D-4BF7-A6AA-DF7BE9CC00D8}.Debug|Any CPU.ActiveCfg = Debug|Any CPU
		{B99E980C-0D2D-4BF7-A6AA-DF7BE9CC00D8}.Debug|Any CPU.Build.0 = Debug|Any CPU
		{B99E980C-0D2D-4BF7-A6AA-DF7BE9CC00D8}.Release|Any CPU.ActiveCfg = Release|Any CPU
		{B99E980C-0D2D-4BF7-A6AA-DF7BE9CC00D8}.Release|Any CPU.Build.0 = Release|Any CPU
		{62B7606F-25A0-4389-AFDE-1E08F1D84938}.Debug|Any CPU.ActiveCfg = Debug|Any CPU
		{62B7606F-25A0-4389-AFDE-1E08F1D84938}.Debug|Any CPU.Build.0 = Debug|Any CPU
		{62B7606F-25A0-4389-AFDE-1E08F1D84938}.Release|Any CPU.ActiveCfg = Release|Any CPU
		{62B7606F-25A0-4389-AFDE-1E08F1D84938}.Release|Any CPU.Build.0 = Release|Any CPU
	EndGlobalSection
	GlobalSection(SolutionProperties) = preSolution
		HideSolutionNode = FALSE
	EndGlobalSection
	GlobalSection(ExtensibilityGlobals) = postSolution
		SolutionGuid = {C51E33A5-8352-41AF-9E5E-B8BA540F2400}
	EndGlobalSection
EndGlobal
